
Microsoft Visual Studio Solution File, Format Version 12.00
# Visual Studio Version 17
VisualStudioVersion = 17.11.35327.3
MinimumVisualStudioVersion = 10.0.40219.1
Project("{FAE04EC0-301F-11D3-BF4B-00C04F79EFBC}") = "projeeeee", "projeeeee.csproj", "{4A5E04A9-BFFF-4440-BED7-2BA5160E4B13}"
EndProject
Global
	GlobalSection(SolutionConfigurationPlatforms) = preSolution
		Debug|Any CPU = Debug|Any CPU
		Release|Any CPU = Release|Any CPU
	EndGlobalSection
	GlobalSection(ProjectConfigurationPlatforms) = postSolution
		{4A5E04A9-BFFF-4440-BED7-2BA5160E4B13}.Debug|Any CPU.ActiveCfg = Debug|Any CPU
		{4A5E04A9-BFFF-4440-BED7-2BA5160E4B13}.Debug|Any CPU.Build.0 = Debug|Any CPU
		{4A5E04A9-BFFF-4440-BED7-2BA5160E4B13}.Release|Any CPU.ActiveCfg = Release|Any CPU
		{4A5E04A9-BFFF-4440-BED7-2BA5160E4B13}.Release|Any CPU.Build.0 = Release|Any CPU
	EndGlobalSection
	GlobalSection(SolutionProperties) = preSolution
		HideSolutionNode = FALSE
	EndGlobalSection
	GlobalSection(ExtensibilityGlobals) = postSolution
		SolutionGuid = {608830B2-C801-4C13-A39F-843DE23B81A0}
	EndGlobalSection
EndGlobal
